
Microsoft Visual Studio Solution File, Format Version 12.00
# Visual Studio Version 16
VisualStudioVersion = 16.0.30804.86
MinimumVisualStudioVersion = 10.0.40219.1
Project("{F184B08F-C81C-45F6-A57F-5ABD9991F28F}") = "SADPrac1", "SADPrac1.vbproj", "{2CC96A4D-F7C0-4F9D-A6D8-504BAA5740A1}"
EndProject
Global
	GlobalSection(SolutionConfigurationPlatforms) = preSolution
		Debug|Any CPU = Debug|Any CPU
		Release|Any CPU = Release|Any CPU
	EndGlobalSection
	GlobalSection(ProjectConfigurationPlatforms) = postSolution
		{2CC96A4D-F7C0-4F9D-A6D8-504BAA5740A1}.Debug|Any CPU.ActiveCfg = Debug|Any CPU
		{2CC96A4D-F7C0-4F9D-A6D8-504BAA5740A1}.Debug|Any CPU.Build.0 = Debug|Any CPU
		{2CC96A4D-F7C0-4F9D-A6D8-504BAA5740A1}.Release|Any CPU.ActiveCfg = Release|Any CPU
		{2CC96A4D-F7C0-4F9D-A6D8-504BAA5740A1}.Release|Any CPU.Build.0 = Release|Any CPU
	EndGlobalSection
	GlobalSection(SolutionProperties) = preSolution
		HideSolutionNode = FALSE
	EndGlobalSection
	GlobalSection(ExtensibilityGlobals) = postSolution
		SolutionGuid = {08D4C6E8-A0AB-4B79-AB65-4B8FEE0FD071}
	EndGlobalSection
EndGlobal
